
Microsoft Visual Studio Solution File, Format Version 12.00
# Visual Studio Version 16
VisualStudioVersion = 16.0.32228.343
MinimumVisualStudioVersion = 10.0.40219.1
Project("{FAE04EC0-301F-11D3-BF4B-00C04F79EFBC}") = "SOLID_UDEMY", "SOLID_UDEMY.csproj", "{B892E084-3424-479B-9DE2-7BC2861330A8}"
EndProject
Global
	GlobalSection(SolutionConfigurationPlatforms) = preSolution
		Debug|Any CPU = Debug|Any CPU
		Release|Any CPU = Release|Any CPU
	EndGlobalSection
	GlobalSection(ProjectConfigurationPlatforms) = postSolution
		{B892E084-3424-479B-9DE2-7BC2861330A8}.Debug|Any CPU.ActiveCfg = Debug|Any CPU
		{B892E084-3424-479B-9DE2-7BC2861330A8}.Debug|Any CPU.Build.0 = Debug|Any CPU
		{B892E084-3424-479B-9DE2-7BC2861330A8}.Release|Any CPU.ActiveCfg = Release|Any CPU
		{B892E084-3424-479B-9DE2-7BC2861330A8}.Release|Any CPU.Build.0 = Release|Any CPU
	EndGlobalSection
	GlobalSection(SolutionProperties) = preSolution
		HideSolutionNode = FALSE
	EndGlobalSection
	GlobalSection(ExtensibilityGlobals) = postSolution
		SolutionGuid = {EFAA1553-94C2-4DFC-95F5-F56BA26ACAB6}
	EndGlobalSection
EndGlobal
